// !$*UTF8*$!
{
	archiveVersion = 1;
	classes = {
	};
	objectVersion = 77;
	objects = {

/* Begin PBXContainerItemProxy section */
		EFAD96492DD9D118009A03D3 /* PBXContainerItemProxy */ = {
			isa = PBXContainerItemProxy;
			containerPortal = EFAD96332DD9D116009A03D3 /* Project object */;
			proxyType = 1;
			remoteGlobalIDString = EFAD963A2DD9D116009A03D3;
			remoteInfo = ViewFundamentals;
		};
		EFAD96532DD9D118009A03D3 /* PBXContainerItemProxy */ = {
			isa = PBXContainerItemProxy;
			containerPortal = EFAD96332DD9D116009A03D3 /* Project object */;
			proxyType = 1;
			remoteGlobalIDString = EFAD963A2DD9D116009A03D3;
			remoteInfo = ViewFundamentals;
		};
/* End PBXContainerItemProxy section */

/* Begin PBXFileReference section */
		EFAD963B2DD9D116009A03D3 /* ViewFundamentals.app */ = {isa = PBXFileReference; explicitFileType = wrapper.application; includeInIndex = 0; path = ViewFundamentals.app; sourceTree = BUILT_PRODUCTS_DIR; };
		EFAD96482DD9D118009A03D3 /* ViewFundamentalsTests.xctest */ = {isa = PBXFileReference; explicitFileType = wrapper.cfbundle; includeInIndex = 0; path = ViewFundamentalsTests.xctest; sourceTree = BUILT_PRODUCTS_DIR; };
		EFAD96522DD9D118009A03D3 /* ViewFundamentalsUITests.xctest */ = {isa = PBXFileReference; explicitFileType = wrapper.cfbundle; includeInIndex = 0; path = ViewFundamentalsUITests.xctest; sourceTree = BUILT_PRODUCTS_DIR; };
/* End PBXFileReference section */

/* Begin PBXFileSystemSynchronizedRootGroup section */
		EFAD963D2DD9D116009A03D3 /* ViewFundamentals */ = {
			isa = PBXFileSystemSynchronizedRootGroup;
			path = ViewFundamentals;
			sourceTree = "<group>";
		};
		EFAD964B2DD9D118009A03D3 /* ViewFundamentalsTests */ = {
			isa = PBXFileSystemSynchronizedRootGroup;
			path = ViewFundamentalsTests;
			sourceTree = "<group>";
		};
		EFAD96552DD9D118009A03D3 /* ViewFundamentalsUITests */ = {
			isa = PBXFileSystemSynchronizedRootGroup;
			path = ViewFundamentalsUITests;
			sourceTree = "<group>";
		};
/* End PBXFileSystemSynchronizedRootGroup section */

/* Begin PBXFrameworksBuildPhase section */
		EFAD96382DD9D116009A03D3 /* Frameworks */ = {
			isa = PBXFrameworksBuildPhase;
			buildActionMask = 2147483647;
			files = (
			);
			runOnlyForDeploymentPostprocessing = 0;
		};
		EFAD96452DD9D118009A03D3 /* Frameworks */ = {
			isa = PBXFrameworksBuildPhase;
			buildActionMask = 2147483647;
			files = (
			);
			runOnlyForDeploymentPostprocessing = 0;
		};
		EFAD964F2DD9D118009A03D3 /* Frameworks */ = {
			isa = PBXFrameworksBuildPhase;
			buildActionMask = 2147483647;
			files = (
			);
			runOnlyForDeploymentPostprocessing = 0;
		};
/* End PBXFrameworksBuildPhase section */

/* Begin PBXGroup section */
		EFAD96322DD9D116009A03D3 = {
			isa = PBXGroup;
			children = (
				EFAD963D2DD9D116009A03D3 /* ViewFundamentals */,
				EFAD964B2DD9D118009A03D3 /* ViewFundamentalsTests */,
				EFAD96552DD9D118009A03D3 /* ViewFundamentalsUITests */,
				EFAD963C2DD9D116009A03D3 /* Products */,
			);
			sourceTree = "<group>";
		};
		EFAD963C2DD9D116009A03D3 /* Products */ = {
			isa = PBXGroup;
			children = (
				EFAD963B2DD9D116009A03D3 /* ViewFundamentals.app */,
				EFAD96482DD9D118009A03D3 /* ViewFundamentalsTests.xctest */,
				EFAD96522DD9D118009A03D3 /* ViewFundamentalsUITests.xctest */,
			);
			name = Products;
			sourceTree = "<group>";
		};
/* End PBXGroup section */

/* Begin PBXNativeTarget section */
		EFAD963A2DD9D116009A03D3 /* ViewFundamentals */ = {
			isa = PBXNativeTarget;
			buildConfigurationList = EFAD965C2DD9D118009A03D3 /* Build configuration list for PBXNativeTarget "ViewFundamentals" */;
			buildPhases = (
				EFAD96372DD9D116009A03D3 /* Sources */,
				EFAD96382DD9D116009A03D3 /* Frameworks */,
				EFAD96392DD9D116009A03D3 /* Resources */,
			);
			buildRules = (
			);
			dependencies = (
			);
			fileSystemSynchronizedGroups = (
				EFAD963D2DD9D116009A03D3 /* ViewFundamentals */,
			);
			name = ViewFundamentals;
			packageProductDependencies = (
			);
			productName = ViewFundamentals;
			productReference = EFAD963B2DD9D116009A03D3 /* ViewFundamentals.app */;
			productType = "com.apple.product-type.application";
		};
		EFAD96472DD9D118009A03D3 /* ViewFundamentalsTests */ = {
			isa = PBXNativeTarget;
			buildConfigurationList = EFAD965F2DD9D118009A03D3 /* Build configuration list for PBXNativeTarget "ViewFundamentalsTests" */;
			buildPhases = (
				EFAD96442DD9D118009A03D3 /* Sources */,
				EFAD96452DD9D118009A03D3 /* Frameworks */,
				EFAD96462DD9D118009A03D3 /* Resources */,
			);
			buildRules = (
			);
			dependencies = (
				EFAD964A2DD9D118009A03D3 /* PBXTargetDependency */,
			);
			fileSystemSynchronizedGroups = (
				EFAD964B2DD9D118009A03D3 /* ViewFundamentalsTests */,
			);
			name = ViewFundamentalsTests;
			packageProductDependencies = (
			);
			productName = ViewFundamentalsTests;
			productReference = EFAD96482DD9D118009A03D3 /* ViewFundamentalsTests.xctest */;
			productType = "com.apple.product-type.bundle.unit-test";
		};
		EFAD96512DD9D118009A03D3 /* ViewFundamentalsUITests */ = {
			isa = PBXNativeTarget;
			buildConfigurationList = EFAD96622DD9D118009A03D3 /* Build configuration list for PBXNativeTarget "ViewFundamentalsUITests" */;
			buildPhases = (
				EFAD964E2DD9D118009A03D3 /* Sources */,
				EFAD964F2DD9D118009A03D3 /* Frameworks */,
				EFAD96502DD9D118009A03D3 /* Resources */,
			);
			buildRules = (
			);
			dependencies = (
				EFAD96542DD9D118009A03D3 /* PBXTargetDependency */,
			);
			fileSystemSynchronizedGroups = (
				EFAD96552DD9D118009A03D3 /* ViewFundamentalsUITests */,
			);
			name = ViewFundamentalsUITests;
			packageProductDependencies = (
			);
			productName = ViewFundamentalsUITests;
			productReference = EFAD96522DD9D118009A03D3 /* ViewFundamentalsUITests.xctest */;
			productType = "com.apple.product-type.bundle.ui-testing";
		};
/* End PBXNativeTarget section */

/* Begin PBXProject section */
		EFAD96332DD9D116009A03D3 /* Project object */ = {
			isa = PBXProject;
			attributes = {
				BuildIndependentTargetsInParallel = 1;
				LastSwiftUpdateCheck = 1630;
				LastUpgradeCheck = 1630;
				TargetAttributes = {
					EFAD963A2DD9D116009A03D3 = {
						CreatedOnToolsVersion = 16.3;
					};
					EFAD96472DD9D118009A03D3 = {
						CreatedOnToolsVersion = 16.3;
						TestTargetID = EFAD963A2DD9D116009A03D3;
					};
					EFAD96512DD9D118009A03D3 = {
						CreatedOnToolsVersion = 16.3;
						TestTargetID = EFAD963A2DD9D116009A03D3;
					};
				};
			};
			buildConfigurationList = EFAD96362DD9D116009A03D3 /* Build configuration list for PBXProject "ViewFundamentals" */;
			developmentRegion = en;
			hasScannedForEncodings = 0;
			knownRegions = (
				en,
				Base,
			);
			mainGroup = EFAD96322DD9D116009A03D3;
			minimizedProjectReferenceProxies = 1;
			preferredProjectObjectVersion = 77;
			productRefGroup = EFAD963C2DD9D116009A03D3 /* Products */;
			projectDirPath = "";
			projectRoot = "";
			targets = (
				EFAD963A2DD9D116009A03D3 /* ViewFundamentals */,
				EFAD96472DD9D118009A03D3 /* ViewFundamentalsTests */,
				EFAD96512DD9D118009A03D3 /* ViewFundamentalsUITests */,
			);
		};
/* End PBXProject section */

/* Begin PBXResourcesBuildPhase section */
		EFAD96392DD9D116009A03D3 /* Resources */ = {
			isa = PBXResourcesBuildPhase;
			buildActionMask = 2147483647;
			files = (
			);
			runOnlyForDeploymentPostprocessing = 0;
		};
		EFAD96462DD9D118009A03D3 /* Resources */ = {
			isa = PBXResourcesBuildPhase;
			buildActionMask = 2147483647;
			files = (
			);
			runOnlyForDeploymentPostprocessing = 0;
		};
		EFAD96502DD9D118009A03D3 /* Resources */ = {
			isa = PBXResourcesBuildPhase;
			buildActionMask = 2147483647;
			files = (
			);
			runOnlyForDeploymentPostprocessing = 0;
		};
/* End PBXResourcesBuildPhase section */

/* Begin PBXSourcesBuildPhase section */
		EFAD96372DD9D116009A03D3 /* Sources */ = {
			isa = PBXSourcesBuildPhase;
			buildActionMask = 2147483647;
			files = (
			);
			runOnlyForDeploymentPostprocessing = 0;
		};
		EFAD96442DD9D118009A03D3 /* Sources */ = {
			isa = PBXSourcesBuildPhase;
			buildActionMask = 2147483647;
			files = (
			);
			runOnlyForDeploymentPostprocessing = 0;
		};
		EFAD964E2DD9D118009A03D3 /* Sources */ = {
			isa = PBXSourcesBuildPhase;
			buildActionMask = 2147483647;
			files = (
			);
			runOnlyForDeploymentPostprocessing = 0;
		};
/* End PBXSourcesBuildPhase section */

/* Begin PBXTargetDependency section */
		EFAD964A2DD9D118009A03D3 /* PBXTargetDependency */ = {
			isa = PBXTargetDependency;
			target = EFAD963A2DD9D116009A03D3 /* ViewFundamentals */;
			targetProxy = EFAD96492DD9D118009A03D3 /* PBXContainerItemProxy */;
		};
		EFAD96542DD9D118009A03D3 /* PBXTargetDependency */ = {
			isa = PBXTargetDependency;
			target = EFAD963A2DD9D116009A03D3 /* ViewFundamentals */;
			targetProxy = EFAD96532DD9D118009A03D3 /* PBXContainerItemProxy */;
		};
/* End PBXTargetDependency section */

/* Begin XCBuildConfiguration section */
		EFAD965A2DD9D118009A03D3 /* Debug */ = {
			isa = XCBuildConfiguration;
			buildSettings = {
				ALWAYS_SEARCH_USER_PATHS = NO;
				ASSETCATALOG_COMPILER_GENERATE_SWIFT_ASSET_SYMBOL_EXTENSIONS = YES;
				CLANG_ANALYZER_NONNULL = YES;
				CLANG_ANALYZER_NUMBER_OBJECT_CONVERSION = YES_AGGRESSIVE;
				CLANG_CXX_LANGUAGE_STANDARD = "gnu++20";
				CLANG_ENABLE_MODULES = YES;
				CLANG_ENABLE_OBJC_ARC = YES;
				CLANG_ENABLE_OBJC_WEAK = YES;
				CLANG_WARN_BLOCK_CAPTURE_AUTORELEASING = YES;
				CLANG_WARN_BOOL_CONVERSION = YES;
				CLANG_WARN_COMMA = YES;
				CLANG_WARN_CONSTANT_CONVERSION = YES;
				CLANG_WARN_DEPRECATED_OBJC_IMPLEMENTATIONS = YES;
				CLANG_WARN_DIRECT_OBJC_ISA_USAGE = YES_ERROR;
				CLANG_WARN_DOCUMENTATION_COMMENTS = YES;
				CLANG_WARN_EMPTY_BODY = YES;
				CLANG_WARN_ENUM_CONVERSION = YES;
				CLANG_WARN_INFINITE_RECURSION = YES;
				CLANG_WARN_INT_CONVERSION = YES;
				CLANG_WARN_NON_LITERAL_NULL_CONVERSION = YES;
				CLANG_WARN_OBJC_IMPLICIT_RETAIN_SELF = YES;
				CLANG_WARN_OBJC_LITERAL_CONVERSION = YES;
				CLANG_WARN_OBJC_ROOT_CLASS = YES_ERROR;
				CLANG_WARN_QUOTED_INCLUDE_IN_FRAMEWORK_HEADER = YES;
				CLANG_WARN_RANGE_LOOP_ANALYSIS = YES;
				CLANG_WARN_STRICT_PROTOTYPES = YES;
				CLANG_WARN_SUSPICIOUS_MOVE = YES;
				CLANG_WARN_UNGUARDED_AVAILABILITY = YES_AGGRESSIVE;
				CLANG_WARN_UNREACHABLE_CODE = YES;
				CLANG_WARN__DUPLICATE_METHOD_MATCH = YES;
				COPY_PHASE_STRIP = NO;
				DEBUG_INFORMATION_FORMAT = dwarf;
				DEVELOPMENT_TEAM = GV2VPS496N;
				ENABLE_STRICT_OBJC_MSGSEND = YES;
				ENABLE_TESTABILITY = YES;
				ENABLE_USER_SCRIPT_SANDBOXING = YES;
				GCC_C_LANGUAGE_STANDARD = gnu17;
				GCC_DYNAMIC_NO_PIC = NO;
				GCC_NO_COMMON_BLOCKS = YES;
				GCC_OPTIMIZATION_LEVEL = 0;
				GCC_PREPROCESSOR_DEFINITIONS = (
					"DEBUG=1",
					"$(inherited)",
				);
				GCC_WARN_64_TO_32_BIT_CONVERSION = YES;
				GCC_WARN_ABOUT_RETURN_TYPE = YES_ERROR;
				GCC_WARN_UNDECLARED_SELECTOR = YES;
				GCC_WARN_UNINITIALIZED_AUTOS = YES_AGGRESSIVE;
				GCC_WARN_UNUSED_FUNCTION = YES;
				GCC_WARN_UNUSED_VARIABLE = YES;
				IPHONEOS_DEPLOYMENT_TARGET = 18.4;
				LOCALIZATION_PREFERS_STRING_CATALOGS = YES;
				MTL_ENABLE_DEBUG_INFO = INCLUDE_SOURCE;
				MTL_FAST_MATH = YES;
				ONLY_ACTIVE_ARCH = YES;
				SDKROOT = iphoneos;
				SWIFT_ACTIVE_COMPILATION_CONDITIONS = "DEBUG $(inherited)";
				SWIFT_OPTIMIZATION_LEVEL = "-Onone";
			};
			name = Debug;
		};
		EFAD965B2DD9D118009A03D3 /* Release */ = {
			isa = XCBuildConfiguration;
			buildSettings = {
				ALWAYS_SEARCH_USER_PATHS = NO;
				ASSETCATALOG_COMPILER_GENERATE_SWIFT_ASSET_SYMBOL_EXTENSIONS = YES;
				CLANG_ANALYZER_NONNULL = YES;
				CLANG_ANALYZER_NUMBER_OBJECT_CONVERSION = YES_AGGRESSIVE;
				CLANG_CXX_LANGUAGE_STANDARD = "gnu++20";
				CLANG_ENABLE_MODULES = YES;
				CLANG_ENABLE_OBJC_ARC = YES;
				CLANG_ENABLE_OBJC_WEAK = YES;
				CLANG_WARN_BLOCK_CAPTURE_AUTORELEASING = YES;
				CLANG_WARN_BOOL_CONVERSION = YES;
				CLANG_WARN_COMMA = YES;
				CLANG_WARN_CONSTANT_CONVERSION = YES;
				CLANG_WARN_DEPRECATED_OBJC_IMPLEMENTATIONS = YES;
				CLANG_WARN_DIRECT_OBJC_ISA_USAGE = YES_ERROR;
				CLANG_WARN_DOCUMENTATION_COMMENTS = YES;
				CLANG_WARN_EMPTY_BODY = YES;
				CLANG_WARN_ENUM_CONVERSION = YES;
				CLANG_WARN_INFINITE_RECURSION = YES;
				CLANG_WARN_INT_CONVERSION = YES;
				CLANG_WARN_NON_LITERAL_NULL_CONVERSION = YES;
				CLANG_WARN_OBJC_IMPLICIT_RETAIN_SELF = YES;
				CLANG_WARN_OBJC_LITERAL_CONVERSION = YES;
				CLANG_WARN_OBJC_ROOT_CLASS = YES_ERROR;
				CLANG_WARN_QUOTED_INCLUDE_IN_FRAMEWORK_HEADER = YES;
				CLANG_WARN_RANGE_LOOP_ANALYSIS = YES;
				CLANG_WARN_STRICT_PROTOTYPES = YES;
				CLANG_WARN_SUSPICIOUS_MOVE = YES;
				CLANG_WARN_UNGUARDED_AVAILABILITY = YES_AGGRESSIVE;
				CLANG_WARN_UNREACHABLE_CODE = YES;
				CLANG_WARN__DUPLICATE_METHOD_MATCH = YES;
				COPY_PHASE_STRIP = NO;
				DEBUG_INFORMATION_FORMAT = "dwarf-with-dsym";
				DEVELOPMENT_TEAM = GV2VPS496N;
				ENABLE_NS_ASSERTIONS = NO;
				ENABLE_STRICT_OBJC_MSGSEND = YES;
				ENABLE_USER_SCRIPT_SANDBOXING = YES;
				GCC_C_LANGUAGE_STANDARD = gnu17;
				GCC_NO_COMMON_BLOCKS = YES;
				GCC_WARN_64_TO_32_BIT_CONVERSION = YES;
				GCC_WARN_ABOUT_RETURN_TYPE = YES_ERROR;
				GCC_WARN_UNDECLARED_SELECTOR = YES;
				GCC_WARN_UNINITIALIZED_AUTOS = YES_AGGRESSIVE;
				GCC_WARN_UNUSED_FUNCTION = YES;
				GCC_WARN_UNUSED_VARIABLE = YES;
				IPHONEOS_DEPLOYMENT_TARGET = 18.4;
				LOCALIZATION_PREFERS_STRING_CATALOGS = YES;
				MTL_ENABLE_DEBUG_INFO = NO;
				MTL_FAST_MATH = YES;
				SDKROOT = iphoneos;
				SWIFT_COMPILATION_MODE = wholemodule;
				VALIDATE_PRODUCT = YES;
			};
			name = Release;
		};
		EFAD965D2DD9D118009A03D3 /* Debug */ = {
			isa = XCBuildConfiguration;
			buildSettings = {
				ASSETCATALOG_COMPILER_APPICON_NAME = AppIcon;
				ASSETCATALOG_COMPILER_GLOBAL_ACCENT_COLOR_NAME = AccentColor;
				CODE_SIGN_STYLE = Automatic;
				CURRENT_PROJECT_VERSION = 1;
				DEVELOPMENT_TEAM = GV2VPS496N;
				ENABLE_PREVIEWS = YES;
				GENERATE_INFOPLIST_FILE = YES;
				INFOPLIST_KEY_UIApplicationSceneManifest_Generation = YES;
				INFOPLIST_KEY_UIApplicationSupportsIndirectInputEvents = YES;
				INFOPLIST_KEY_UILaunchScreen_Generation = YES;
				INFOPLIST_KEY_UISupportedInterfaceOrientations_iPad = "UIInterfaceOrientationPortrait UIInterfaceOrientationPortraitUpsideDown UIInterfaceOrientationLandscapeLeft UIInterfaceOrientationLandscapeRight";
				INFOPLIST_KEY_UISupportedInterfaceOrientations_iPhone = "UIInterfaceOrientationPortrait UIInterfaceOrientationLandscapeLeft UIInterfaceOrientationLandscapeRight";
				LD_RUNPATH_SEARCH_PATHS = (
					"$(inherited)",
					"@executable_path/Frameworks",
				);
				MARKETING_VERSION = 1.0;
				PRODUCT_BUNDLE_IDENTIFIER = com.anqls.ViewFundamentals;
				PRODUCT_NAME = "$(TARGET_NAME)";
				SWIFT_EMIT_LOC_STRINGS = YES;
				SWIFT_VERSION = 5.0;
				TARGETED_DEVICE_FAMILY = "1,2";
			};
			name = Debug;
		};
		EFAD965E2DD9D118009A03D3 /* Release */ = {
			isa = XCBuildConfiguration;
			buildSettings = {
				ASSETCATALOG_COMPILER_APPICON_NAME = AppIcon;
				ASSETCATALOG_COMPILER_GLOBAL_ACCENT_COLOR_NAME = AccentColor;
				CODE_SIGN_STYLE = Automatic;
				CURRENT_PROJECT_VERSION = 1;
				DEVELOPMENT_TEAM = GV2VPS496N;
				ENABLE_PREVIEWS = YES;
				GENERATE_INFOPLIST_FILE = YES;
				INFOPLIST_KEY_UIApplicationSceneManifest_Generation = YES;
				INFOPLIST_KEY_UIApplicationSupportsIndirectInputEvents = YES;
				INFOPLIST_KEY_UILaunchScreen_Generation = YES;
				INFOPLIST_KEY_UISupportedInterfaceOrientations_iPad = "UIInterfaceOrientationPortrait UIInterfaceOrientationPortraitUpsideDown UIInterfaceOrientationLandscapeLeft UIInterfaceOrientationLandscapeRight";
				INFOPLIST_KEY_UISupportedInterfaceOrientations_iPhone = "UIInterfaceOrientationPortrait UIInterfaceOrientationLandscapeLeft UIInterfaceOrientationLandscapeRight";
				LD_RUNPATH_SEARCH_PATHS = (
					"$(inherited)",
					"@executable_path/Frameworks",
				);
				MARKETING_VERSION = 1.0;
				PRODUCT_BUNDLE_IDENTIFIER = com.anqls.ViewFundamentals;
				PRODUCT_NAME = "$(TARGET_NAME)";
				SWIFT_EMIT_LOC_STRINGS = YES;
				SWIFT_VERSION = 5.0;
				TARGETED_DEVICE_FAMILY = "1,2";
			};
			name = Release;
		};
		EFAD96602DD9D118009A03D3 /* Debug */ = {
			isa = XCBuildConfiguration;
			buildSettings = {
				BUNDLE_LOADER = "$(TEST_HOST)";
				CODE_SIGN_STYLE = Automatic;
				CURRENT_PROJECT_VERSION = 1;
				DEVELOPMENT_TEAM = GV2VPS496N;
				GENERATE_INFOPLIST_FILE = YES;
				IPHONEOS_DEPLOYMENT_TARGET = 18.4;
				MARKETING_VERSION = 1.0;
				PRODUCT_BUNDLE_IDENTIFIER = com.anqls.ViewFundamentalsTests;
				PRODUCT_NAME = "$(TARGET_NAME)";
				SWIFT_EMIT_LOC_STRINGS = NO;
				SWIFT_VERSION = 5.0;
				TARGETED_DEVICE_FAMILY = "1,2";
				TEST_HOST = "$(BUILT_PRODUCTS_DIR)/ViewFundamentals.app/$(BUNDLE_EXECUTABLE_FOLDER_PATH)/ViewFundamentals";
			};
			name = Debug;
		};
		EFAD96612DD9D118009A03D3 /* Release */ = {
			isa = XCBuildConfiguration;
			buildSettings = {
				BUNDLE_LOADER = "$(TEST_HOST)";
				CODE_SIGN_STYLE = Automatic;
				CURRENT_PROJECT_VERSION = 1;
				DEVELOPMENT_TEAM = GV2VPS496N;
				GENERATE_INFOPLIST_FILE = YES;
				IPHONEOS_DEPLOYMENT_TARGET = 18.4;
				MARKETING_VERSION = 1.0;
				PRODUCT_BUNDLE_IDENTIFIER = com.anqls.ViewFundamentalsTests;
				PRODUCT_NAME = "$(TARGET_NAME)";
				SWIFT_EMIT_LOC_STRINGS = NO;
				SWIFT_VERSION = 5.0;
				TARGETED_DEVICE_FAMILY = "1,2";
				TEST_HOST = "$(BUILT_PRODUCTS_DIR)/ViewFundamentals.app/$(BUNDLE_EXECUTABLE_FOLDER_PATH)/ViewFundamentals";
			};
			name = Release;
		};
		EFAD96632DD9D118009A03D3 /* Debug */ = {
			isa = XCBuildConfiguration;
			buildSettings = {
				CODE_SIGN_STYLE = Automatic;
				CURRENT_PROJECT_VERSION = 1;
				DEVELOPMENT_TEAM = GV2VPS496N;
				GENERATE_INFOPLIST_FILE = YES;
				MARKETING_VERSION = 1.0;
				PRODUCT_BUNDLE_IDENTIFIER = com.anqls.ViewFundamentalsUITests;
				PRODUCT_NAME = "$(TARGET_NAME)";
				SWIFT_EMIT_LOC_STRINGS = NO;
				SWIFT_VERSION = 5.0;
				TARGETED_DEVICE_FAMILY = "1,2";
				TEST_TARGET_NAME = ViewFundamentals;
			};
			name = Debug;
		};
		EFAD96642DD9D118009A03D3 /* Release */ = {
			isa = XCBuildConfiguration;
			buildSettings = {
				CODE_SIGN_STYLE = Automatic;
				CURRENT_PROJECT_VERSION = 1;
				DEVELOPMENT_TEAM = GV2VPS496N;
				GENERATE_INFOPLIST_FILE = YES;
				MARKETING_VERSION = 1.0;
				PRODUCT_BUNDLE_IDENTIFIER = com.anqls.ViewFundamentalsUITests;
				PRODUCT_NAME = "$(TARGET_NAME)";
				SWIFT_EMIT_LOC_STRINGS = NO;
				SWIFT_VERSION = 5.0;
				TARGETED_DEVICE_FAMILY = "1,2";
				TEST_TARGET_NAME = ViewFundamentals;
			};
			name = Release;
		};
/* End XCBuildConfiguration section */

/* Begin XCConfigurationList section */
		EFAD96362DD9D116009A03D3 /* Build configuration list for PBXProject "ViewFundamentals" */ = {
			isa = XCConfigurationList;
			buildConfigurations = (
				EFAD965A2DD9D118009A03D3 /* Debug */,
				EFAD965B2DD9D118009A03D3 /* Release */,
			);
			defaultConfigurationIsVisible = 0;
			defaultConfigurationName = Release;
		};
		EFAD965C2DD9D118009A03D3 /* Build configuration list for PBXNativeTarget "ViewFundamentals" */ = {
			isa = XCConfigurationList;
			buildConfigurations = (
				EFAD965D2DD9D118009A03D3 /* Debug */,
				EFAD965E2DD9D118009A03D3 /* Release */,
			);
			defaultConfigurationIsVisible = 0;
			defaultConfigurationName = Release;
		};
		EFAD965F2DD9D118009A03D3 /* Build configuration list for PBXNativeTarget "ViewFundamentalsTests" */ = {
			isa = XCConfigurationList;
			buildConfigurations = (
				EFAD96602DD9D118009A03D3 /* Debug */,
				EFAD96612DD9D118009A03D3 /* Release */,
			);
			defaultConfigurationIsVisible = 0;
			defaultConfigurationName = Release;
		};
		EFAD96622DD9D118009A03D3 /* Build configuration list for PBXNativeTarget "ViewFundamentalsUITests" */ = {
			isa = XCConfigurationList;
			buildConfigurations = (
				EFAD96632DD9D118009A03D3 /* Debug */,
				EFAD96642DD9D118009A03D3 /* Release */,
			);
			defaultConfigurationIsVisible = 0;
			defaultConfigurationName = Release;
		};
/* End XCConfigurationList section */
	};
	rootObject = EFAD96332DD9D116009A03D3 /* Project object */;
}
